
Microsoft Visual Studio Solution File, Format Version 12.00
# Visual Studio 15
VisualStudioVersion = 15.0.28307.168
MinimumVisualStudioVersion = 10.0.40219.1
Project("{FAE04EC0-301F-11D3-BF4B-00C04F79EFBC}") = "WFAMathGame", "WFAMathGame\WFAMathGame.csproj", "{4FBAF877-F798-4FAF-9DA3-891CC37129A0}"
EndProject
Global
	GlobalSection(SolutionConfigurationPlatforms) = preSolution
		Debug|Any CPU = Debug|Any CPU
		Release|Any CPU = Release|Any CPU
	EndGlobalSection
	GlobalSection(ProjectConfigurationPlatforms) = postSolution
		{4FBAF877-F798-4FAF-9DA3-891CC37129A0}.Debug|Any CPU.ActiveCfg = Debug|Any CPU
		{4FBAF877-F798-4FAF-9DA3-891CC37129A0}.Debug|Any CPU.Build.0 = Debug|Any CPU
		{4FBAF877-F798-4FAF-9DA3-891CC37129A0}.Release|Any CPU.ActiveCfg = Release|Any CPU
		{4FBAF877-F798-4FAF-9DA3-891CC37129A0}.Release|Any CPU.Build.0 = Release|Any CPU
	EndGlobalSection
	GlobalSection(SolutionProperties) = preSolution
		HideSolutionNode = FALSE
	EndGlobalSection
	GlobalSection(ExtensibilityGlobals) = postSolution
		SolutionGuid = {0B4373D6-3B08-4BF8-AD3B-9B7D640D0958}
	EndGlobalSection
EndGlobal
